
Microsoft Visual Studio Solution File, Format Version 12.00
# Visual Studio Version 17
VisualStudioVersion = 17.5.33530.505
MinimumVisualStudioVersion = 10.0.40219.1
Project("{FAE04EC0-301F-11D3-BF4B-00C04F79EFBC}") = "SteamDeckControllerMapper", "SteamDeckControllerMapper.csproj", "{E8ADA908-DBAB-4C06-8580-9A82C26BEF44}"
EndProject
Global
	GlobalSection(SolutionConfigurationPlatforms) = preSolution
		Debug|Any CPU = Debug|Any CPU
		Debug|x64 = Debug|x64
		Release|Any CPU = Release|Any CPU
		Release|x64 = Release|x64
	EndGlobalSection
	GlobalSection(ProjectConfigurationPlatforms) = postSolution
		{E8ADA908-DBAB-4C06-8580-9A82C26BEF44}.Debug|Any CPU.ActiveCfg = Release|Any CPU
		{E8ADA908-DBAB-4C06-8580-9A82C26BEF44}.Debug|Any CPU.Build.0 = Release|Any CPU
		{E8ADA908-DBAB-4C06-8580-9A82C26BEF44}.Debug|x64.ActiveCfg = Release|x64
		{E8ADA908-DBAB-4C06-8580-9A82C26BEF44}.Debug|x64.Build.0 = Release|x64
		{E8ADA908-DBAB-4C06-8580-9A82C26BEF44}.Release|Any CPU.ActiveCfg = Release|Any CPU
		{E8ADA908-DBAB-4C06-8580-9A82C26BEF44}.Release|Any CPU.Build.0 = Release|Any CPU
		{E8ADA908-DBAB-4C06-8580-9A82C26BEF44}.Release|x64.ActiveCfg = Release|x64
		{E8ADA908-DBAB-4C06-8580-9A82C26BEF44}.Release|x64.Build.0 = Release|x64
	EndGlobalSection
	GlobalSection(SolutionProperties) = preSolution
		HideSolutionNode = FALSE
	EndGlobalSection
	GlobalSection(ExtensibilityGlobals) = postSolution
		SolutionGuid = {C88C65CB-C3CF-4D89-8BF3-A4C01FBF58AA}
	EndGlobalSection
EndGlobal
